<?xml version="1.0" encoding="utf-8"?>
<Project ToolsVersion="4.0" xmlns="http://schemas.microsoft.com/developer/msbuild/2003">
  <ItemGroup>
    <Filter Include="Source Files">
      <UniqueIdentifier>{4FC737F1-C7A5-4376-A066-2A32D752A2FF}</UniqueIdentifier>
      <Extensions>cpp;c;cc;cxx;def;odl;idl;hpj;bat;asm;asmx</Extensions>
    </Filter>
    <Filter Include="Header Files">
      <UniqueIdentifier>{93995380-89BD-4b04-88EB-625FBE52EBFB}</UniqueIdentifier>
      <Extensions>h;hh;hpp;hxx;hm;inl;inc;ipp;xsd</Extensions>
    </Filter>
    <Filter Include="Resource Files">
      <UniqueIdentifier>{67DA6AB6-F800-4c08-8B7A-83BB121AAD01}</UniqueIdentifier>
      <Extensions>rc;ico;cur;bmp;dlg;rc2;rct;bin;rgs;gif;jpg;jpeg;jpe;resx;tiff;tif;png;wav;mfcribbon-ms</Extensions>
    </Filter>
    <Filter Include="Header Files\WFC">
      <UniqueIdentifier>{88478a8e-bbb9-4593-879c-e05713892dd6}</UniqueIdentifier>
    </Filter>
  </ItemGroup>
  <ItemGroup>
    <ClCompile Include="main.cpp">
      <Filter>Source Files</Filter>
    </ClCompile>
    <ClCompile Include="Square.cpp">
      <Filter>Source Files</Filter>
    </ClCompile>
    <ClCompile Include="Entity.cpp">
      <Filter>Source Files</Filter>
    </ClCompile>
    <ClCompile Include="DrawComponent.cpp">
      <Filter>Source Files</Filter>
    </ClCompile>
  </ItemGroup>
  <ItemGroup>
    <ClInclude Include="WFCOptions.h">
      <Filter>Header Files\WFC</Filter>
    </ClInclude>
    <ClInclude Include="Pattern.h">
      <Filter>Header Files\WFC</Filter>
    </ClInclude>
    <ClInclude Include="pch.h">
      <Filter>Header Files\WFC</Filter>
    </ClInclude>
    <ClInclude Include="Tests.h">
      <Filter>Header Files\WFC</Filter>
    </ClInclude>
    <ClInclude Include="WFC.h">
      <Filter>Header Files\WFC</Filter>
    </ClInclude>
    <ClInclude Include="Propagator.h">
      <Filter>Header Files\WFC</Filter>
    </ClInclude>
    <ClInclude Include="Direction.h">
      <Filter>Header Files\WFC</Filter>
    </ClInclude>
    <ClInclude Include="Square.h">
      <Filter>Header Files\WFC</Filter>
    </ClInclude>
    <ClInclude Include="DrawComponent.h">
      <Filter>Header Files\WFC</Filter>
    </ClInclude>
    <ClInclude Include="ResourceManager.h">
      <Filter>Header Files\WFC</Filter>
    </ClInclude>
    <ClInclude Include="matrix.h">
      <Filter>Header Files\WFC</Filter>
    </ClInclude>
    <ClInclude Include="Entity.h">
      <Filter>Header Files\WFC</Filter>
    </ClInclude>
    <ClInclude Include="Game.h">
      <Filter>Header Files\WFC</Filter>
    </ClInclude>
    <ClInclude Include="Data.h">
      <Filter>Header Files\WFC</Filter>
    </ClInclude>
    <ClInclude Include="Util.h">
      <Filter>Header Files\WFC</Filter>
    </ClInclude>
    <ClInclude Include="Board.h">
      <Filter>Header Files\WFC</Filter>
    </ClInclude>
    <ClInclude Include="DataManager.h">
      <Filter>Header Files\WFC</Filter>
    </ClInclude>
    <ClInclude Include="BoardState.h">
      <Filter>Header Files\WFC</Filter>
    </ClInclude>
    <ClInclude Include="Actions.h">
      <Filter>Header Files\WFC</Filter>
    </ClInclude>
  </ItemGroup>
</Project>