<?xml version="1.0" encoding="utf-8"?>
<Project ToolsVersion="4.0" xmlns="http://schemas.microsoft.com/developer/msbuild/2003">
  <ItemGroup>
    <Filter Include="Source Files">
      <UniqueIdentifier>{4FC737F1-C7A5-4376-A066-2A32D752A2FF}</UniqueIdentifier>
      <Extensions>cpp;c;cc;cxx;def;odl;idl;hpj;bat;asm;asmx</Extensions>
    </Filter>
    <Filter Include="Header Files">
      <UniqueIdentifier>{93995380-89BD-4b04-88EB-625FBE52EBFB}</UniqueIdentifier>
      <Extensions>h;hh;hpp;hxx;hm;inl;inc;ipp;xsd</Extensions>
    </Filter>
    <Filter Include="Resource Files">
      <UniqueIdentifier>{67DA6AB6-F800-4c08-8B7A-83BB121AAD01}</UniqueIdentifier>
      <Extensions>rc;ico;cur;bmp;dlg;rc2;rct;bin;rgs;gif;jpg;jpeg;jpe;resx;tiff;tif;png;wav;mfcribbon-ms</Extensions>
    </Filter>
    <Filter Include="Header Files\WFC">
      <UniqueIdentifier>{88478a8e-bbb9-4593-879c-e05713892dd6}</UniqueIdentifier>
    </Filter>
    <Filter Include="Header Files\DrawComponent">
      <UniqueIdentifier>{86a92bd5-c5fb-4019-9e72-cf546a964c69}</UniqueIdentifier>
    </Filter>
    <Filter Include="Header Files\Test">
      <UniqueIdentifier>{493cf43b-80d6-4594-8559-7c13b83f8c2f}</UniqueIdentifier>
    </Filter>
    <Filter Include="Header Files\Animation">
      <UniqueIdentifier>{37ee2628-10f3-4bd3-b104-5e63312b8225}</UniqueIdentifier>
    </Filter>
    <Filter Include="Header Files\Utility">
      <UniqueIdentifier>{8f20c500-e7c7-4d26-9e50-44dfa61bc08a}</UniqueIdentifier>
    </Filter>
    <Filter Include="Header Files\Turn flow">
      <UniqueIdentifier>{ae38593c-8042-48e1-a85f-f93013d9f120}</UniqueIdentifier>
    </Filter>
    <Filter Include="Header Files\Level">
      <UniqueIdentifier>{0770a55d-232f-4497-8ba2-20d56e7651e3}</UniqueIdentifier>
    </Filter>
    <Filter Include="Header Files\Commands">
      <UniqueIdentifier>{dab15584-80be-4635-8399-c9b8d46c0986}</UniqueIdentifier>
    </Filter>
  </ItemGroup>
  <ItemGroup>
    <ClCompile Include="main.cpp">
      <Filter>Source Files</Filter>
    </ClCompile>
    <ClCompile Include="Square.cpp">
      <Filter>Source Files</Filter>
    </ClCompile>
    <ClCompile Include="Entity.cpp">
      <Filter>Source Files</Filter>
    </ClCompile>
    <ClCompile Include="DrawComponent.cpp">
      <Filter>Source Files</Filter>
    </ClCompile>
    <ClCompile Include="UnitComponent.cpp">
      <Filter>Source Files</Filter>
    </ClCompile>
    <ClCompile Include="Command.cpp">
      <Filter>Source Files</Filter>
    </ClCompile>
    <ClCompile Include="Paths.cpp">
      <Filter>Source Files</Filter>
    </ClCompile>
    <ClCompile Include="RealTime.cpp">
      <Filter>Source Files</Filter>
    </ClCompile>
    <ClCompile Include="PlayerState.cpp">
      <Filter>Source Files</Filter>
    </ClCompile>
    <ClCompile Include="Board.cpp">
      <Filter>Source Files</Filter>
    </ClCompile>
    <ClCompile Include="Level.cpp">
      <Filter>Source Files</Filter>
    </ClCompile>
    <ClCompile Include="Actions.cpp">
      <Filter>Source Files</Filter>
    </ClCompile>
    <ClCompile Include="AI.cpp">
      <Filter>Source Files</Filter>
    </ClCompile>
    <ClCompile Include="AIComponent.cpp">
      <Filter>Source Files</Filter>
    </ClCompile>
    <ClCompile Include="Team.cpp">
      <Filter>Source Files</Filter>
    </ClCompile>
    <ClCompile Include="Player.cpp">
      <Filter>Source Files</Filter>
    </ClCompile>
  </ItemGroup>
  <ItemGroup>
    <ClInclude Include="WFCOptions.h">
      <Filter>Header Files\WFC</Filter>
    </ClInclude>
    <ClInclude Include="Pattern.h">
      <Filter>Header Files\WFC</Filter>
    </ClInclude>
    <ClInclude Include="pch.h">
      <Filter>Header Files\WFC</Filter>
    </ClInclude>
    <ClInclude Include="Tests.h">
      <Filter>Header Files\WFC</Filter>
    </ClInclude>
    <ClInclude Include="WFC.h">
      <Filter>Header Files\WFC</Filter>
    </ClInclude>
    <ClInclude Include="Propagator.h">
      <Filter>Header Files\WFC</Filter>
    </ClInclude>
    <ClInclude Include="Direction.h">
      <Filter>Header Files\WFC</Filter>
    </ClInclude>
    <ClInclude Include="matrix.h">
      <Filter>Header Files\WFC</Filter>
    </ClInclude>
    <ClInclude Include="Paths.h">
      <Filter>Header Files</Filter>
    </ClInclude>
    <ClInclude Include="Data.h">
      <Filter>Header Files</Filter>
    </ClInclude>
    <ClInclude Include="DataManager.h">
      <Filter>Header Files</Filter>
    </ClInclude>
    <ClInclude Include="ResourceManager.h">
      <Filter>Header Files</Filter>
    </ClInclude>
    <ClInclude Include="FrameCounter.h">
      <Filter>Header Files</Filter>
    </ClInclude>
    <ClInclude Include="DrawComponent.h">
      <Filter>Header Files\DrawComponent</Filter>
    </ClInclude>
    <ClInclude Include="DCSortable.h">
      <Filter>Header Files\DrawComponent</Filter>
    </ClInclude>
    <ClInclude Include="SortedDManager.h">
      <Filter>Header Files\DrawComponent</Filter>
    </ClInclude>
    <ClInclude Include="HasDC.h">
      <Filter>Header Files\DrawComponent</Filter>
    </ClInclude>
    <ClInclude Include="Debug.h">
      <Filter>Header Files\Test</Filter>
    </ClInclude>
    <ClInclude Include="TestBoards.h">
      <Filter>Header Files\Test</Filter>
    </ClInclude>
    <ClInclude Include="junk.h">
      <Filter>Header Files\Test</Filter>
    </ClInclude>
    <ClInclude Include="Animation.h">
      <Filter>Header Files\Animation</Filter>
    </ClInclude>
    <ClInclude Include="AnimationManager.h">
      <Filter>Header Files\Animation</Filter>
    </ClInclude>
    <ClInclude Include="Random.h">
      <Filter>Header Files\Utility</Filter>
    </ClInclude>
    <ClInclude Include="Util.h">
      <Filter>Header Files\Utility</Filter>
    </ClInclude>
    <ClInclude Include="Managed.h">
      <Filter>Header Files\Utility</Filter>
    </ClInclude>
    <ClInclude Include="type_enums.h">
      <Filter>Header Files</Filter>
    </ClInclude>
    <ClInclude Include="vec2i_util.h">
      <Filter>Header Files\Utility</Filter>
    </ClInclude>
    <ClInclude Include="PathsUtil.h">
      <Filter>Header Files</Filter>
    </ClInclude>
    <ClInclude Include="Select.h">
      <Filter>Header Files\Turn flow</Filter>
    </ClInclude>
    <ClInclude Include="AI.h">
      <Filter>Header Files\Turn flow</Filter>
    </ClInclude>
    <ClInclude Include="AIComponent.h">
      <Filter>Header Files\Turn flow</Filter>
    </ClInclude>
    <ClInclude Include="Player.h">
      <Filter>Header Files\Turn flow</Filter>
    </ClInclude>
    <ClInclude Include="PlayerState.h">
      <Filter>Header Files\Turn flow</Filter>
    </ClInclude>
    <ClInclude Include="Board.h">
      <Filter>Header Files\Level</Filter>
    </ClInclude>
    <ClInclude Include="Level.h">
      <Filter>Header Files\Level</Filter>
    </ClInclude>
    <ClInclude Include="Entity.h">
      <Filter>Header Files\Level</Filter>
    </ClInclude>
    <ClInclude Include="Square.h">
      <Filter>Header Files\Level</Filter>
    </ClInclude>
    <ClInclude Include="UnitComponent.h">
      <Filter>Header Files\Level</Filter>
    </ClInclude>
    <ClInclude Include="Command.h">
      <Filter>Header Files\Commands</Filter>
    </ClInclude>
    <ClInclude Include="Actions.h">
      <Filter>Header Files\Commands</Filter>
    </ClInclude>
    <ClInclude Include="RealTime.h">
      <Filter>Header Files\Commands</Filter>
    </ClInclude>
    <ClInclude Include="Team.h">
      <Filter>Header Files</Filter>
    </ClInclude>
    <ClInclude Include="GameState.h">
      <Filter>Header Files\Turn flow</Filter>
    </ClInclude>
  </ItemGroup>
</Project>